
Microsoft Visual Studio Solution File, Format Version 12.00
# Visual Studio Version 17
VisualStudioVersion = 17.5.002.0
MinimumVisualStudioVersion = 10.0.40219.1
Project("{9A19103F-16F7-4668-BE54-9A1E7A4F7556}") = "task00", "task00\task00.csproj", "{7F6C3BD2-5EE1-4562-B994-C3471F07E153}"
EndProject
Project("{9A19103F-16F7-4668-BE54-9A1E7A4F7556}") = "task01", "task01\task01.csproj", "{6F500A48-8709-4B43-A6AB-D9FBC14B0C34}"
EndProject
Project("{9A19103F-16F7-4668-BE54-9A1E7A4F7556}") = "task02", "task02\task02.csproj", "{4A44EDEE-A530-48C1-A215-16375DC02928}"
EndProject
Project("{9A19103F-16F7-4668-BE54-9A1E7A4F7556}") = "task03", "task03\task03.csproj", "{2DBA974E-4214-471A-95C0-8B63315EA043}"
EndProject
Project("{9A19103F-16F7-4668-BE54-9A1E7A4F7556}") = "task04", "task04\task04.csproj", "{F65380D0-2F6D-4A08-967B-2BDBCD53105C}"
EndProject
Project("{9A19103F-16F7-4668-BE54-9A1E7A4F7556}") = "task05", "task05\task05.csproj", "{23BB0B54-1E8F-4E08-B39E-6EC9AD73E3EF}"
EndProject
Project("{9A19103F-16F7-4668-BE54-9A1E7A4F7556}") = "task06", "task06\task06.csproj", "{CCFE1C48-362A-45D3-9639-5D025FCE05B1}"
EndProject
Project("{9A19103F-16F7-4668-BE54-9A1E7A4F7556}") = "task07", "task07\task07.csproj", "{33D05AE8-7EDA-47FE-AA6C-3F2DC45A3C91}"
EndProject
Project("{9A19103F-16F7-4668-BE54-9A1E7A4F7556}") = "task08", "task08\task08.csproj", "{DE7F655D-BD64-4743-AEC4-AB41CAB48234}"
EndProject
Project("{9A19103F-16F7-4668-BE54-9A1E7A4F7556}") = "task09", "task09\task09.csproj", "{4843D901-FF2A-4117-80D4-0440110D3FF2}"
EndProject
Project("{9A19103F-16F7-4668-BE54-9A1E7A4F7556}") = "task10", "task10\task10.csproj", "{4371D42F-5E76-4621-844C-37E560D749D0}"
EndProject
Project("{9A19103F-16F7-4668-BE54-9A1E7A4F7556}") = "task11", "task11\task11.csproj", "{0EF358BF-08B3-4271-A67D-6175A5FB512D}"
EndProject
Project("{9A19103F-16F7-4668-BE54-9A1E7A4F7556}") = "task12", "task12\task12.csproj", "{382C9F48-33EF-4F78-9C8D-F5BFAFD5CB9E}"
EndProject
Project("{9A19103F-16F7-4668-BE54-9A1E7A4F7556}") = "task13", "task13\task13.csproj", "{F3336D73-5407-4917-B8C5-FD2EF327F2D5}"
EndProject
Project("{9A19103F-16F7-4668-BE54-9A1E7A4F7556}") = "task14", "task14\task14.csproj", "{F87EA823-A0EF-465C-996C-0A154402419C}"
EndProject
Project("{9A19103F-16F7-4668-BE54-9A1E7A4F7556}") = "task15", "task15\task15.csproj", "{882BD0DC-E07D-4768-87F8-9D81270E36A8}"
EndProject
Project("{9A19103F-16F7-4668-BE54-9A1E7A4F7556}") = "task16", "task16\task16.csproj", "{6AA2FB93-52B6-4F49-9210-1C22CCF39529}"
EndProject
Project("{9A19103F-16F7-4668-BE54-9A1E7A4F7556}") = "task17", "task17\task17.csproj", "{41875A1B-B19E-49A2-963E-2FB349E3F7B3}"
EndProject
Project("{9A19103F-16F7-4668-BE54-9A1E7A4F7556}") = "task18", "task18\task18.csproj", "{60438A74-EFA2-46F9-A75D-DC5F26BEEEC0}"
EndProject
Project("{9A19103F-16F7-4668-BE54-9A1E7A4F7556}") = "task19", "task19\task19.csproj", "{4E015D83-D4BD-4CD2-873A-7538E4CFAB5D}"
EndProject
Project("{9A19103F-16F7-4668-BE54-9A1E7A4F7556}") = "task20", "task20\task20.csproj", "{839457E7-94B5-438A-8BB6-A0FD6A0FAEF0}"
EndProject
Project("{9A19103F-16F7-4668-BE54-9A1E7A4F7556}") = "task21", "task21\task21.csproj", "{D2BEA356-005E-484D-B560-E6D8D6822B46}"
EndProject
Project("{9A19103F-16F7-4668-BE54-9A1E7A4F7556}") = "task22", "task22\task22.csproj", "{66C9B394-2480-4D60-910D-61039D1F9C5F}"
EndProject
Project("{9A19103F-16F7-4668-BE54-9A1E7A4F7556}") = "task23", "task23\task23.csproj", "{F0D6571E-C873-4BE1-A78E-945C5E7E6729}"
EndProject
Project("{9A19103F-16F7-4668-BE54-9A1E7A4F7556}") = "task24", "task24\task24.csproj", "{1B4AF8DD-47D9-4E81-807E-1E1EE90D633C}"
EndProject
Project("{9A19103F-16F7-4668-BE54-9A1E7A4F7556}") = "task25", "task25\task25.csproj", "{722E28CE-471A-4859-A234-5E9220341B59}"
EndProject
Project("{9A19103F-16F7-4668-BE54-9A1E7A4F7556}") = "task26", "task26\task26.csproj", "{53E6E337-4815-4341-BBEE-804F07A5573F}"
EndProject
Project("{9A19103F-16F7-4668-BE54-9A1E7A4F7556}") = "task27", "task27\task27.csproj", "{9C9A5527-45E9-4907-B431-088623D8D6EE}"
EndProject
Project("{9A19103F-16F7-4668-BE54-9A1E7A4F7556}") = "task28", "task28\task28.csproj", "{87DFBFE0-3800-441E-9E39-2B7DC4D41461}"
EndProject
Project("{9A19103F-16F7-4668-BE54-9A1E7A4F7556}") = "task29", "task29\task29.csproj", "{2065B8D3-1233-4CD4-9F41-A2BB53FEE5B7}"
EndProject
Project("{9A19103F-16F7-4668-BE54-9A1E7A4F7556}") = "task30", "task30\task30.csproj", "{51B9E609-C31F-423D-848B-5E724304D376}"
EndProject
Global
	GlobalSection(SolutionConfigurationPlatforms) = preSolution
		Debug|Any CPU = Debug|Any CPU
		Release|Any CPU = Release|Any CPU
	EndGlobalSection
	GlobalSection(ProjectConfigurationPlatforms) = postSolution
		{7F6C3BD2-5EE1-4562-B994-C3471F07E153}.Debug|Any CPU.ActiveCfg = Debug|Any CPU
		{7F6C3BD2-5EE1-4562-B994-C3471F07E153}.Debug|Any CPU.Build.0 = Debug|Any CPU
		{7F6C3BD2-5EE1-4562-B994-C3471F07E153}.Release|Any CPU.ActiveCfg = Release|Any CPU
		{7F6C3BD2-5EE1-4562-B994-C3471F07E153}.Release|Any CPU.Build.0 = Release|Any CPU
		{6F500A48-8709-4B43-A6AB-D9FBC14B0C34}.Debug|Any CPU.ActiveCfg = Debug|Any CPU
		{6F500A48-8709-4B43-A6AB-D9FBC14B0C34}.Debug|Any CPU.Build.0 = Debug|Any CPU
		{6F500A48-8709-4B43-A6AB-D9FBC14B0C34}.Release|Any CPU.ActiveCfg = Release|Any CPU
		{6F500A48-8709-4B43-A6AB-D9FBC14B0C34}.Release|Any CPU.Build.0 = Release|Any CPU
		{4A44EDEE-A530-48C1-A215-16375DC02928}.Debug|Any CPU.ActiveCfg = Debug|Any CPU
		{4A44EDEE-A530-48C1-A215-16375DC02928}.Debug|Any CPU.Build.0 = Debug|Any CPU
		{4A44EDEE-A530-48C1-A215-16375DC02928}.Release|Any CPU.ActiveCfg = Release|Any CPU
		{4A44EDEE-A530-48C1-A215-16375DC02928}.Release|Any CPU.Build.0 = Release|Any CPU
		{2DBA974E-4214-471A-95C0-8B63315EA043}.Debug|Any CPU.ActiveCfg = Debug|Any CPU
		{2DBA974E-4214-471A-95C0-8B63315EA043}.Debug|Any CPU.Build.0 = Debug|Any CPU
		{2DBA974E-4214-471A-95C0-8B63315EA043}.Release|Any CPU.ActiveCfg = Release|Any CPU
		{2DBA974E-4214-471A-95C0-8B63315EA043}.Release|Any CPU.Build.0 = Release|Any CPU
		{F65380D0-2F6D-4A08-967B-2BDBCD53105C}.Debug|Any CPU.ActiveCfg = Debug|Any CPU
		{F65380D0-2F6D-4A08-967B-2BDBCD53105C}.Debug|Any CPU.Build.0 = Debug|Any CPU
		{F65380D0-2F6D-4A08-967B-2BDBCD53105C}.Release|Any CPU.ActiveCfg = Release|Any CPU
		{F65380D0-2F6D-4A08-967B-2BDBCD53105C}.Release|Any CPU.Build.0 = Release|Any CPU
		{23BB0B54-1E8F-4E08-B39E-6EC9AD73E3EF}.Debug|Any CPU.ActiveCfg = Debug|Any CPU
		{23BB0B54-1E8F-4E08-B39E-6EC9AD73E3EF}.Debug|Any CPU.Build.0 = Debug|Any CPU
		{23BB0B54-1E8F-4E08-B39E-6EC9AD73E3EF}.Release|Any CPU.ActiveCfg = Release|Any CPU
		{23BB0B54-1E8F-4E08-B39E-6EC9AD73E3EF}.Release|Any CPU.Build.0 = Release|Any CPU
		{CCFE1C48-362A-45D3-9639-5D025FCE05B1}.Debug|Any CPU.ActiveCfg = Debug|Any CPU
		{CCFE1C48-362A-45D3-9639-5D025FCE05B1}.Debug|Any CPU.Build.0 = Debug|Any CPU
		{CCFE1C48-362A-45D3-9639-5D025FCE05B1}.Release|Any CPU.ActiveCfg = Release|Any CPU
		{CCFE1C48-362A-45D3-9639-5D025FCE05B1}.Release|Any CPU.Build.0 = Release|Any CPU
		{33D05AE8-7EDA-47FE-AA6C-3F2DC45A3C91}.Debug|Any CPU.ActiveCfg = Debug|Any CPU
		{33D05AE8-7EDA-47FE-AA6C-3F2DC45A3C91}.Debug|Any CPU.Build.0 = Debug|Any CPU
		{33D05AE8-7EDA-47FE-AA6C-3F2DC45A3C91}.Release|Any CPU.ActiveCfg = Release|Any CPU
		{33D05AE8-7EDA-47FE-AA6C-3F2DC45A3C91}.Release|Any CPU.Build.0 = Release|Any CPU
		{DE7F655D-BD64-4743-AEC4-AB41CAB48234}.Debug|Any CPU.ActiveCfg = Debug|Any CPU
		{DE7F655D-BD64-4743-AEC4-AB41CAB48234}.Debug|Any CPU.Build.0 = Debug|Any CPU
		{DE7F655D-BD64-4743-AEC4-AB41CAB48234}.Release|Any CPU.ActiveCfg = Release|Any CPU
		{DE7F655D-BD64-4743-AEC4-AB41CAB48234}.Release|Any CPU.Build.0 = Release|Any CPU
		{4843D901-FF2A-4117-80D4-0440110D3FF2}.Debug|Any CPU.ActiveCfg = Debug|Any CPU
		{4843D901-FF2A-4117-80D4-0440110D3FF2}.Debug|Any CPU.Build.0 = Debug|Any CPU
		{4843D901-FF2A-4117-80D4-0440110D3FF2}.Release|Any CPU.ActiveCfg = Release|Any CPU
		{4843D901-FF2A-4117-80D4-0440110D3FF2}.Release|Any CPU.Build.0 = Release|Any CPU
		{4371D42F-5E76-4621-844C-37E560D749D0}.Debug|Any CPU.ActiveCfg = Debug|Any CPU
		{4371D42F-5E76-4621-844C-37E560D749D0}.Debug|Any CPU.Build.0 = Debug|Any CPU
		{4371D42F-5E76-4621-844C-37E560D749D0}.Release|Any CPU.ActiveCfg = Release|Any CPU
		{4371D42F-5E76-4621-844C-37E560D749D0}.Release|Any CPU.Build.0 = Release|Any CPU
		{0EF358BF-08B3-4271-A67D-6175A5FB512D}.Debug|Any CPU.ActiveCfg = Debug|Any CPU
		{0EF358BF-08B3-4271-A67D-6175A5FB512D}.Debug|Any CPU.Build.0 = Debug|Any CPU
		{0EF358BF-08B3-4271-A67D-6175A5FB512D}.Release|Any CPU.ActiveCfg = Release|Any CPU
		{0EF358BF-08B3-4271-A67D-6175A5FB512D}.Release|Any CPU.Build.0 = Release|Any CPU
		{382C9F48-33EF-4F78-9C8D-F5BFAFD5CB9E}.Debug|Any CPU.ActiveCfg = Debug|Any CPU
		{382C9F48-33EF-4F78-9C8D-F5BFAFD5CB9E}.Debug|Any CPU.Build.0 = Debug|Any CPU
		{382C9F48-33EF-4F78-9C8D-F5BFAFD5CB9E}.Release|Any CPU.ActiveCfg = Release|Any CPU
		{382C9F48-33EF-4F78-9C8D-F5BFAFD5CB9E}.Release|Any CPU.Build.0 = Release|Any CPU
		{F3336D73-5407-4917-B8C5-FD2EF327F2D5}.Debug|Any CPU.ActiveCfg = Debug|Any CPU
		{F3336D73-5407-4917-B8C5-FD2EF327F2D5}.Debug|Any CPU.Build.0 = Debug|Any CPU
		{F3336D73-5407-4917-B8C5-FD2EF327F2D5}.Release|Any CPU.ActiveCfg = Release|Any CPU
		{F3336D73-5407-4917-B8C5-FD2EF327F2D5}.Release|Any CPU.Build.0 = Release|Any CPU
		{F87EA823-A0EF-465C-996C-0A154402419C}.Debug|Any CPU.ActiveCfg = Debug|Any CPU
		{F87EA823-A0EF-465C-996C-0A154402419C}.Debug|Any CPU.Build.0 = Debug|Any CPU
		{F87EA823-A0EF-465C-996C-0A154402419C}.Release|Any CPU.ActiveCfg = Release|Any CPU
		{F87EA823-A0EF-465C-996C-0A154402419C}.Release|Any CPU.Build.0 = Release|Any CPU
		{882BD0DC-E07D-4768-87F8-9D81270E36A8}.Debug|Any CPU.ActiveCfg = Debug|Any CPU
		{882BD0DC-E07D-4768-87F8-9D81270E36A8}.Debug|Any CPU.Build.0 = Debug|Any CPU
		{882BD0DC-E07D-4768-87F8-9D81270E36A8}.Release|Any CPU.ActiveCfg = Release|Any CPU
		{882BD0DC-E07D-4768-87F8-9D81270E36A8}.Release|Any CPU.Build.0 = Release|Any CPU
		{6AA2FB93-52B6-4F49-9210-1C22CCF39529}.Debug|Any CPU.ActiveCfg = Debug|Any CPU
		{6AA2FB93-52B6-4F49-9210-1C22CCF39529}.Debug|Any CPU.Build.0 = Debug|Any CPU
		{6AA2FB93-52B6-4F49-9210-1C22CCF39529}.Release|Any CPU.ActiveCfg = Release|Any CPU
		{6AA2FB93-52B6-4F49-9210-1C22CCF39529}.Release|Any CPU.Build.0 = Release|Any CPU
		{41875A1B-B19E-49A2-963E-2FB349E3F7B3}.Debug|Any CPU.ActiveCfg = Debug|Any CPU
		{41875A1B-B19E-49A2-963E-2FB349E3F7B3}.Debug|Any CPU.Build.0 = Debug|Any CPU
		{41875A1B-B19E-49A2-963E-2FB349E3F7B3}.Release|Any CPU.ActiveCfg = Release|Any CPU
		{41875A1B-B19E-49A2-963E-2FB349E3F7B3}.Release|Any CPU.Build.0 = Release|Any CPU
		{60438A74-EFA2-46F9-A75D-DC5F26BEEEC0}.Debug|Any CPU.ActiveCfg = Debug|Any CPU
		{60438A74-EFA2-46F9-A75D-DC5F26BEEEC0}.Debug|Any CPU.Build.0 = Debug|Any CPU
		{60438A74-EFA2-46F9-A75D-DC5F26BEEEC0}.Release|Any CPU.ActiveCfg = Release|Any CPU
		{60438A74-EFA2-46F9-A75D-DC5F26BEEEC0}.Release|Any CPU.Build.0 = Release|Any CPU
		{4E015D83-D4BD-4CD2-873A-7538E4CFAB5D}.Debug|Any CPU.ActiveCfg = Debug|Any CPU
		{4E015D83-D4BD-4CD2-873A-7538E4CFAB5D}.Debug|Any CPU.Build.0 = Debug|Any CPU
		{4E015D83-D4BD-4CD2-873A-7538E4CFAB5D}.Release|Any CPU.ActiveCfg = Release|Any CPU
		{4E015D83-D4BD-4CD2-873A-7538E4CFAB5D}.Release|Any CPU.Build.0 = Release|Any CPU
		{839457E7-94B5-438A-8BB6-A0FD6A0FAEF0}.Debug|Any CPU.ActiveCfg = Debug|Any CPU
		{839457E7-94B5-438A-8BB6-A0FD6A0FAEF0}.Debug|Any CPU.Build.0 = Debug|Any CPU
		{839457E7-94B5-438A-8BB6-A0FD6A0FAEF0}.Release|Any CPU.ActiveCfg = Release|Any CPU
		{839457E7-94B5-438A-8BB6-A0FD6A0FAEF0}.Release|Any CPU.Build.0 = Release|Any CPU
		{D2BEA356-005E-484D-B560-E6D8D6822B46}.Debug|Any CPU.ActiveCfg = Debug|Any CPU
		{D2BEA356-005E-484D-B560-E6D8D6822B46}.Debug|Any CPU.Build.0 = Debug|Any CPU
		{D2BEA356-005E-484D-B560-E6D8D6822B46}.Release|Any CPU.ActiveCfg = Release|Any CPU
		{D2BEA356-005E-484D-B560-E6D8D6822B46}.Release|Any CPU.Build.0 = Release|Any CPU
		{66C9B394-2480-4D60-910D-61039D1F9C5F}.Debug|Any CPU.ActiveCfg = Debug|Any CPU
		{66C9B394-2480-4D60-910D-61039D1F9C5F}.Debug|Any CPU.Build.0 = Debug|Any CPU
		{66C9B394-2480-4D60-910D-61039D1F9C5F}.Release|Any CPU.ActiveCfg = Release|Any CPU
		{66C9B394-2480-4D60-910D-61039D1F9C5F}.Release|Any CPU.Build.0 = Release|Any CPU
		{F0D6571E-C873-4BE1-A78E-945C5E7E6729}.Debug|Any CPU.ActiveCfg = Debug|Any CPU
		{F0D6571E-C873-4BE1-A78E-945C5E7E6729}.Debug|Any CPU.Build.0 = Debug|Any CPU
		{F0D6571E-C873-4BE1-A78E-945C5E7E6729}.Release|Any CPU.ActiveCfg = Release|Any CPU
		{F0D6571E-C873-4BE1-A78E-945C5E7E6729}.Release|Any CPU.Build.0 = Release|Any CPU
		{1B4AF8DD-47D9-4E81-807E-1E1EE90D633C}.Debug|Any CPU.ActiveCfg = Debug|Any CPU
		{1B4AF8DD-47D9-4E81-807E-1E1EE90D633C}.Debug|Any CPU.Build.0 = Debug|Any CPU
		{1B4AF8DD-47D9-4E81-807E-1E1EE90D633C}.Release|Any CPU.ActiveCfg = Release|Any CPU
		{1B4AF8DD-47D9-4E81-807E-1E1EE90D633C}.Release|Any CPU.Build.0 = Release|Any CPU
		{722E28CE-471A-4859-A234-5E9220341B59}.Debug|Any CPU.ActiveCfg = Debug|Any CPU
		{722E28CE-471A-4859-A234-5E9220341B59}.Debug|Any CPU.Build.0 = Debug|Any CPU
		{722E28CE-471A-4859-A234-5E9220341B59}.Release|Any CPU.ActiveCfg = Release|Any CPU
		{722E28CE-471A-4859-A234-5E9220341B59}.Release|Any CPU.Build.0 = Release|Any CPU
		{53E6E337-4815-4341-BBEE-804F07A5573F}.Debug|Any CPU.ActiveCfg = Debug|Any CPU
		{53E6E337-4815-4341-BBEE-804F07A5573F}.Debug|Any CPU.Build.0 = Debug|Any CPU
		{53E6E337-4815-4341-BBEE-804F07A5573F}.Release|Any CPU.ActiveCfg = Release|Any CPU
		{53E6E337-4815-4341-BBEE-804F07A5573F}.Release|Any CPU.Build.0 = Release|Any CPU
		{9C9A5527-45E9-4907-B431-088623D8D6EE}.Debug|Any CPU.ActiveCfg = Debug|Any CPU
		{9C9A5527-45E9-4907-B431-088623D8D6EE}.Debug|Any CPU.Build.0 = Debug|Any CPU
		{9C9A5527-45E9-4907-B431-088623D8D6EE}.Release|Any CPU.ActiveCfg = Release|Any CPU
		{9C9A5527-45E9-4907-B431-088623D8D6EE}.Release|Any CPU.Build.0 = Release|Any CPU
		{87DFBFE0-3800-441E-9E39-2B7DC4D41461}.Debug|Any CPU.ActiveCfg = Debug|Any CPU
		{87DFBFE0-3800-441E-9E39-2B7DC4D41461}.Debug|Any CPU.Build.0 = Debug|Any CPU
		{87DFBFE0-3800-441E-9E39-2B7DC4D41461}.Release|Any CPU.ActiveCfg = Release|Any CPU
		{87DFBFE0-3800-441E-9E39-2B7DC4D41461}.Release|Any CPU.Build.0 = Release|Any CPU
		{2065B8D3-1233-4CD4-9F41-A2BB53FEE5B7}.Debug|Any CPU.ActiveCfg = Debug|Any CPU
		{2065B8D3-1233-4CD4-9F41-A2BB53FEE5B7}.Debug|Any CPU.Build.0 = Debug|Any CPU
		{2065B8D3-1233-4CD4-9F41-A2BB53FEE5B7}.Release|Any CPU.ActiveCfg = Release|Any CPU
		{2065B8D3-1233-4CD4-9F41-A2BB53FEE5B7}.Release|Any CPU.Build.0 = Release|Any CPU
		{51B9E609-C31F-423D-848B-5E724304D376}.Debug|Any CPU.ActiveCfg = Debug|Any CPU
		{51B9E609-C31F-423D-848B-5E724304D376}.Debug|Any CPU.Build.0 = Debug|Any CPU
		{51B9E609-C31F-423D-848B-5E724304D376}.Release|Any CPU.ActiveCfg = Release|Any CPU
		{51B9E609-C31F-423D-848B-5E724304D376}.Release|Any CPU.Build.0 = Release|Any CPU
	EndGlobalSection
	GlobalSection(SolutionProperties) = preSolution
		HideSolutionNode = FALSE
	EndGlobalSection
	GlobalSection(ExtensibilityGlobals) = postSolution
		SolutionGuid = {7A519112-E1DA-4BFE-92E0-9884350A5B4B}
	EndGlobalSection
EndGlobal
